[[package]]
category = "dev"
description = "Atomic file writes."
marker = "sys_platform == \"win32\""
name = "atomicwrites"
optional = false
python-versions = ">=2.7, !=3.0.*, !=3.1.*, !=3.2.*, !=3.3.*"
version = "1.3.0"

[[package]]
category = "dev"
description = "Classes Without Boilerplate"
name = "attrs"
optional = false
python-versions = ">=2.7, !=3.0.*, !=3.1.*, !=3.2.*, !=3.3.*"
version = "19.3.0"

[package.extras]
azure-pipelines = ["coverage", "hypothesis", "pympler", "pytest (>=4.3.0)", "six", "zope.interface", "pytest-azurepipelines"]
dev = ["coverage", "hypothesis", "pympler", "pytest (>=4.3.0)", "six", "zope.interface", "sphinx", "pre-commit"]
docs = ["sphinx", "zope.interface"]
tests = ["coverage", "hypothesis", "pympler", "pytest (>=4.3.0)", "six", "zope.interface"]

[[package]]
category = "dev"
description = "Composable command line interface toolkit"
name = "click"
optional = false
python-versions = ">=2.7, !=3.0.*, !=3.1.*, !=3.2.*, !=3.3.*"
version = "7.0"

[[package]]
category = "dev"
description = "Cross-platform colored terminal text."
marker = "sys_platform == \"win32\""
name = "colorama"
optional = false
python-versions = ">=2.7, !=3.0.*, !=3.1.*, !=3.2.*, !=3.3.*, !=3.4.*"
version = "0.4.3"

[[package]]
category = "dev"
description = "Git Object Database"
name = "gitdb2"
optional = false
python-versions = ">=2.7, !=3.0.*, !=3.1.*, !=3.2.*, !=3.3.*"
version = "2.0.6"

[package.dependencies]
smmap2 = ">=2.0.0"

[[package]]
category = "dev"
description = "Python Git Library"
name = "gitpython"
optional = false
python-versions = ">=3.0, !=3.0.*, !=3.1.*, !=3.2.*, !=3.3.*"
version = "3.0.5"

[package.dependencies]
gitdb2 = ">=2.0.0"

[[package]]
category = "dev"
description = "An HTML Minifier"
name = "htmlmin"
optional = false
python-versions = "*"
version = "0.1.12"

[[package]]
category = "dev"
description = "Read metadata from Python packages"
marker = "python_version < \"3.8\""
name = "importlib-metadata"
optional = false
python-versions = "!=3.0.*,!=3.1.*,!=3.2.*,!=3.3.*,!=3.4.*,>=2.7"
version = "1.3.0"

[package.dependencies]
zipp = ">=0.5"

[package.extras]
docs = ["sphinx", "rst.linker"]
testing = ["packaging", "importlib-resources"]

[[package]]
category = "dev"
description = "A very fast and expressive template engine."
name = "jinja2"
optional = false
python-versions = "*"
version = "2.10.3"

[package.dependencies]
MarkupSafe = ">=0.23"

[package.extras]
i18n = ["Babel (>=0.8)"]

[[package]]
category = "dev"
description = "JavaScript minifier."
name = "jsmin"
optional = false
python-versions = "*"
version = "2.2.2"

[[package]]
category = "dev"
description = "Python LiveReload is an awesome tool for web developers"
name = "livereload"
optional = false
python-versions = "*"
version = "2.6.1"

[package.dependencies]
six = "*"
tornado = "*"

[[package]]
category = "dev"
description = "Python implementation of Markdown."
name = "markdown"
optional = false
python-versions = ">=2.7,!=3.0.*,!=3.1.*,!=3.2.*,!=3.3.*,!=3.4.*"
version = "3.1.1"

[package.dependencies]
setuptools = ">=36"

[package.extras]
testing = ["coverage", "pyyaml"]

[[package]]
category = "dev"
description = "Safely add untrusted strings to HTML/XML markup."
name = "markupsafe"
optional = false
python-versions = ">=2.7,!=3.0.*,!=3.1.*,!=3.2.*,!=3.3.*"
version = "1.1.1"

[[package]]
category = "dev"
description = "Project documentation with Markdown."
name = "mkdocs"
optional = false
python-versions = ">=2.7.9,!=3.0.*,!=3.1.*,!=3.2.*,!=3.3.*"
version = "1.0.4"

[package.dependencies]
Jinja2 = ">=2.7.1"
Markdown = ">=2.3.1"
PyYAML = ">=3.10"
click = ">=3.3"
livereload = ">=2.5.1"
tornado = ">=5.0"

[[package]]
category = "dev"
description = "MkDocs plugin for setting revision date from git per markdown file."
name = "mkdocs-git-revision-date-plugin"
optional = false
python-versions = ">=3.4"
version = "0.2"

[package.dependencies]
GitPython = "*"
jinja2 = "*"
mkdocs = ">=0.17"

[[package]]
category = "dev"
description = "A Material Design theme for MkDocs"
name = "mkdocs-material"
optional = false
python-versions = "*"
version = "4.6.0"

[package.dependencies]
Pygments = ">=2.2"
markdown = "<3.2"
mkdocs = ">=1"
mkdocs-minify-plugin = ">=0.2"
pymdown-extensions = ">=6.2,<6.3"

[[package]]
category = "dev"
description = "An MkDocs plugin to minify HTML and/or JS files prior to being written to disk"
name = "mkdocs-minify-plugin"
optional = false
python-versions = ">=2.7"
version = "0.2.1"

[package.dependencies]
htmlmin = ">=0.1.4"
jsmin = ">=2.2.2"
mkdocs = ">=1.0.4"

[[package]]
category = "dev"
description = "More routines for operating on iterables, beyond itertools"
name = "more-itertools"
optional = false
python-versions = ">=3.5"
version = "8.0.2"

[[package]]
category = "dev"
description = "Core utilities for Python packages"
name = "packaging"
optional = false
python-versions = ">=2.7, !=3.0.*, !=3.1.*, !=3.2.*, !=3.3.*"
version = "20.0"

[package.dependencies]
pyparsing = ">=2.0.2"
six = "*"

[[package]]
category = "dev"
description = "Object-oriented filesystem paths"
marker = "python_version < \"3.6\""
name = "pathlib2"
optional = false
python-versions = "*"
version = "2.3.5"

[package.dependencies]
six = "*"

[[package]]
category = "dev"
description = "Backport of PEP 562."
name = "pep562"
optional = false
python-versions = "*"
version = "1.0"

[[package]]
category = "main"
description = "Python Imaging Library (Fork)"
name = "pillow"
optional = false
python-versions = ">=2.7, !=3.0.*, !=3.1.*, !=3.2.*, !=3.3.*, !=3.4.*"
version = "6.2.2"

[[package]]
category = "dev"
description = "plugin and hook calling mechanisms for python"
name = "pluggy"
optional = false
python-versions = ">=2.7, !=3.0.*, !=3.1.*, !=3.2.*, !=3.3.*"
version = "0.13.1"

[package.dependencies]
[package.dependencies.importlib-metadata]
python = "<3.8"
version = ">=0.12"

[package.extras]
dev = ["pre-commit", "tox"]

[[package]]
category = "dev"
description = "library with cross-python path, ini-parsing, io, code, log facilities"
name = "py"
optional = false
python-versions = ">=2.7, !=3.0.*, !=3.1.*, !=3.2.*, !=3.3.*"
version = "1.8.1"

[[package]]
category = "dev"
description = "Pygments is a syntax highlighting package written in Python."
name = "pygments"
optional = false
python-versions = ">=2.7, !=3.0.*, !=3.1.*, !=3.2.*, !=3.3.*, !=3.4.*"
version = "2.5.2"

[[package]]
category = "dev"
description = "Extension pack for Python Markdown."
name = "pymdown-extensions"
optional = false
python-versions = ">=2.7,!=3.0.*,!=3.1.*,!=3.2.*,!=3.3.*,!=3.4.*"
version = "6.2.1"

[package.dependencies]
Markdown = ">=3.0.1"
pep562 = "*"

[[package]]
category = "dev"
description = "Python parsing module"
name = "pyparsing"
optional = false
python-versions = ">=2.6, !=3.0.*, !=3.1.*, !=3.2.*"
version = "2.4.6"

[[package]]
category = "dev"
description = "pytest: simple powerful testing with Python"
name = "pytest"
optional = false
python-versions = ">=3.5"
version = "5.3.2"

[package.dependencies]
atomicwrites = ">=1.0"
attrs = ">=17.4.0"
colorama = "*"
more-itertools = ">=4.0.0"
packaging = "*"
pluggy = ">=0.12,<1.0"
py = ">=1.5.0"
wcwidth = "*"

[package.dependencies.importlib-metadata]
python = "<3.8"
version = ">=0.12"

[package.dependencies.pathlib2]
python = "<3.6"
version = ">=2.2.0"

[package.extras]
testing = ["argcomplete", "hypothesis (>=3.56)", "mock", "nose", "requests", "xmlschema"]

[[package]]
category = "dev"
description = "YAML parser and emitter for Python"
name = "pyyaml"
optional = false
python-versions = ">=2.7, !=3.0.*, !=3.1.*, !=3.2.*, !=3.3.*"
version = "5.2"

[[package]]
category = "dev"
description = "Python 2 and 3 compatibility utilities"
name = "six"
optional = false
python-versions = ">=2.6, !=3.0.*, !=3.1.*"
version = "1.13.0"

[[package]]
category = "dev"
description = "A pure Python implementation of a sliding window memory map manager"
name = "smmap2"
optional = false
python-versions = ">=2.7, !=3.0.*, !=3.1.*, !=3.2.*, !=3.3.*"
version = "2.0.5"

[[package]]
category = "dev"
description = "Tornado is a Python web framework and asynchronous networking library, originally developed at FriendFeed."
name = "tornado"
optional = false
python-versions = ">= 3.5"
version = "6.0.3"

[[package]]
category = "dev"
description = "Measures number of Terminal column cells of wide-character codes"
name = "wcwidth"
optional = false
python-versions = "*"
version = "0.1.8"

[[package]]
category = "main"
description = "Python binding for xxHash"
name = "xxhash"
optional = false
python-versions = ">=2.6, !=3.0.*, !=3.1.*, !=3.2.*"
version = "1.4.3"

[[package]]
category = "dev"
description = "Backport of pathlib-compatible object wrapper for zip files"
marker = "python_version < \"3.8\""
name = "zipp"
optional = false
python-versions = ">=2.7"
version = "0.6.0"

[package.dependencies]
more-itertools = "*"

[package.extras]
docs = ["sphinx", "jaraco.packaging (>=3.2)", "rst.linker (>=1.9)"]
testing = ["pathlib2", "contextlib2", "unittest2"]

[metadata]
content-hash = "c93e2d3005af58a65984fc53a988ca87c7703a785b360b98e2cb36b3f28148b6"
python-versions = "^3.5"

[metadata.files]
atomicwrites = [
    {file = "atomicwrites-1.3.0-py2.py3-none-any.whl", hash = "sha256:03472c30eb2c5d1ba9227e4c2ca66ab8287fbfbbda3888aa93dc2e28fc6811b4"},
    {file = "atomicwrites-1.3.0.tar.gz", hash = "sha256:75a9445bac02d8d058d5e1fe689654ba5a6556a1dfd8ce6ec55a0ed79866cfa6"},
]
attrs = [
    {file = "attrs-19.3.0-py2.py3-none-any.whl", hash = "sha256:08a96c641c3a74e44eb59afb61a24f2cb9f4d7188748e76ba4bb5edfa3cb7d1c"},
    {file = "attrs-19.3.0.tar.gz", hash = "sha256:f7b7ce16570fe9965acd6d30101a28f62fb4a7f9e926b3bbc9b61f8b04247e72"},
]
click = [
    {file = "Click-7.0-py2.py3-none-any.whl", hash = "sha256:2335065e6395b9e67ca716de5f7526736bfa6ceead690adf616d925bdc622b13"},
    {file = "Click-7.0.tar.gz", hash = "sha256:5b94b49521f6456670fdb30cd82a4eca9412788a93fa6dd6df72c94d5a8ff2d7"},
]
colorama = [
    {file = "colorama-0.4.3-py2.py3-none-any.whl", hash = "sha256:7d73d2a99753107a36ac6b455ee49046802e59d9d076ef8e47b61499fa29afff"},
    {file = "colorama-0.4.3.tar.gz", hash = "sha256:e96da0d330793e2cb9485e9ddfd918d456036c7149416295932478192f4436a1"},
]
gitdb2 = [
    {file = "gitdb2-2.0.6-py2.py3-none-any.whl", hash = "sha256:96bbb507d765a7f51eb802554a9cfe194a174582f772e0d89f4e87288c288b7b"},
    {file = "gitdb2-2.0.6.tar.gz", hash = "sha256:1b6df1433567a51a4a9c1a5a0de977aa351a405cc56d7d35f3388bad1f630350"},
]
gitpython = [
    {file = "GitPython-3.0.5-py3-none-any.whl", hash = "sha256:c155c6a2653593ccb300462f6ef533583a913e17857cfef8fc617c246b6dc245"},
    {file = "GitPython-3.0.5.tar.gz", hash = "sha256:9c2398ffc3dcb3c40b27324b316f08a4f93ad646d5a6328cafbb871aa79f5e42"},
]
htmlmin = [
    {file = "htmlmin-0.1.12.tar.gz", hash = "sha256:50c1ef4630374a5d723900096a961cff426dff46b48f34d194a81bbe14eca178"},
]
importlib-metadata = [
    {file = "importlib_metadata-1.3.0-py2.py3-none-any.whl", hash = "sha256:d95141fbfa7ef2ec65cfd945e2af7e5a6ddbd7c8d9a25e66ff3be8e3daf9f60f"},
    {file = "importlib_metadata-1.3.0.tar.gz", hash = "sha256:073a852570f92da5f744a3472af1b61e28e9f78ccf0c9117658dc32b15de7b45"},
]
jinja2 = [
    {file = "Jinja2-2.10.3-py2.py3-none-any.whl", hash = "sha256:74320bb91f31270f9551d46522e33af46a80c3d619f4a4bf42b3164d30b5911f"},
    {file = "Jinja2-2.10.3.tar.gz", hash = "sha256:9fe95f19286cfefaa917656583d020be14e7859c6b0252588391e47db34527de"},
]
jsmin = [
    {file = "jsmin-2.2.2.tar.gz", hash = "sha256:b6df99b2cd1c75d9d342e4335b535789b8da9107ec748212706ef7bbe5c2553b"},
]
livereload = [
    {file = "livereload-2.6.1-py2.py3-none-any.whl", hash = "sha256:78d55f2c268a8823ba499305dcac64e28ddeb9a92571e12d543cd304faf5817b"},
    {file = "livereload-2.6.1.tar.gz", hash = "sha256:89254f78d7529d7ea0a3417d224c34287ebfe266b05e67e51facaf82c27f0f66"},
]
markdown = [
    {file = "Markdown-3.1.1-py2.py3-none-any.whl", hash = "sha256:56a46ac655704b91e5b7e6326ce43d5ef72411376588afa1dd90e881b83c7e8c"},
    {file = "Markdown-3.1.1.tar.gz", hash = "sha256:2e50876bcdd74517e7b71f3e7a76102050edec255b3983403f1a63e7c8a41e7a"},
]
markupsafe = [
    {file = "MarkupSafe-1.1.1-cp27-cp27m-macosx_10_6_intel.whl", hash = "sha256:09027a7803a62ca78792ad89403b1b7a73a01c8cb65909cd876f7fcebd79b161"},
    {file = "MarkupSafe-1.1.1-cp27-cp27m-manylinux1_i686.whl", hash = "sha256:e249096428b3ae81b08327a63a485ad0878de3fb939049038579ac0ef61e17e7"},
    {file = "MarkupSafe-1.1.1-cp27-cp27m-manylinux1_x86_64.whl", hash = "sha256:500d4957e52ddc3351cabf489e79c91c17f6e0899158447047588650b5e69183"},
    {file = "MarkupSafe-1.1.1-cp27-cp27m-win32.whl", hash = "sha256:b2051432115498d3562c084a49bba65d97cf251f5a331c64a12ee7e04dacc51b"},
    {file = "MarkupSafe-1.1.1-cp27-cp27m-win_amd64.whl", hash = "sha256:98c7086708b163d425c67c7a91bad6e466bb99d797aa64f965e9d25c12111a5e"},
    {file = "MarkupSafe-1.1.1-cp27-cp27mu-manylinux1_i686.whl", hash = "sha256:cd5df75523866410809ca100dc9681e301e3c27567cf498077e8551b6d20e42f"},
    {file = "MarkupSafe-1.1.1-cp27-cp27mu-manylinux1_x86_64.whl", hash = "sha256:43a55c2930bbc139570ac2452adf3d70cdbb3cfe5912c71cdce1c2c6bbd9c5d1"},
    {file = "MarkupSafe-1.1.1-cp34-cp34m-macosx_10_6_intel.whl", hash = "sha256:1027c282dad077d0bae18be6794e6b6b8c91d58ed8a8d89a89d59693b9131db5"},
    {file = "MarkupSafe-1.1.1-cp34-cp34m-manylinux1_i686.whl", hash = "sha256:62fe6c95e3ec8a7fad637b7f3d372c15ec1caa01ab47926cfdf7a75b40e0eac1"},
    {file = "MarkupSafe-1.1.1-cp34-cp34m-manylinux1_x86_64.whl", hash = "sha256:88e5fcfb52ee7b911e8bb6d6aa2fd21fbecc674eadd44118a9cc3863f938e735"},
    {file = "MarkupSafe-1.1.1-cp34-cp34m-win32.whl", hash = "sha256:ade5e387d2ad0d7ebf59146cc00c8044acbd863725f887353a10df825fc8ae21"},
    {file = "MarkupSafe-1.1.1-cp34-cp34m-win_amd64.whl", hash = "sha256:09c4b7f37d6c648cb13f9230d847adf22f8171b1ccc4d5682398e77f40309235"},
    {file = "MarkupSafe-1.1.1-cp35-cp35m-macosx_10_6_intel.whl", hash = "sha256:79855e1c5b8da654cf486b830bd42c06e8780cea587384cf6545b7d9ac013a0b"},
    {file = "MarkupSafe-1.1.1-cp35-cp35m-manylinux1_i686.whl", hash = "sha256:c8716a48d94b06bb3b2524c2b77e055fb313aeb4ea620c8dd03a105574ba704f"},
    {file = "MarkupSafe-1.1.1-cp35-cp35m-manylinux1_x86_64.whl", hash = "sha256:7c1699dfe0cf8ff607dbdcc1e9b9af1755371f92a68f706051cc8c37d447c905"},
    {file = "MarkupSafe-1.1.1-cp35-cp35m-win32.whl", hash = "sha256:6dd73240d2af64df90aa7c4e7481e23825ea70af4b4922f8ede5b9e35f78a3b1"},
    {file = "MarkupSafe-1.1.1-cp35-cp35m-win_amd64.whl", hash = "sha256:9add70b36c5666a2ed02b43b335fe19002ee5235efd4b8a89bfcf9005bebac0d"},
    {file = "MarkupSafe-1.1.1-cp36-cp36m-macosx_10_6_intel.whl", hash = "sha256:24982cc2533820871eba85ba648cd53d8623687ff11cbb805be4ff7b4c971aff"},
    {file = "MarkupSafe-1.1.1-cp36-cp36m-manylinux1_i686.whl", hash = "sha256:00bc623926325b26bb9605ae9eae8a215691f33cae5df11ca5424f06f2d1f473"},
    {file = "MarkupSafe-1.1.1-cp36-cp36m-manylinux1_x86_64.whl", hash = "sha256:717ba8fe3ae9cc0006d7c451f0bb265ee07739daf76355d06366154ee68d221e"},
    {file = "MarkupSafe-1.1.1-cp36-cp36m-win32.whl", hash = "sha256:535f6fc4d397c1563d08b88e485c3496cf5784e927af890fb3c3aac7f933ec66"},
    {file = "MarkupSafe-1.1.1-cp36-cp36m-win_amd64.whl", hash = "sha256:b1282f8c00509d99fef04d8ba936b156d419be841854fe901d8ae224c59f0be5"},
    {file = "MarkupSafe-1.1.1-cp37-cp37m-macosx_10_6_intel.whl", hash = "sha256:8defac2f2ccd6805ebf65f5eeb132adcf2ab57aa11fdf4c0dd5169a004710e7d"},
    {file = "MarkupSafe-1.1.1-cp37-cp37m-manylinux1_i686.whl", hash = "sha256:46c99d2de99945ec5cb54f23c8cd5689f6d7177305ebff350a58ce5f8de1669e"},
    {file = "MarkupSafe-1.1.1-cp37-cp37m-manylinux1_x86_64.whl", hash = "sha256:ba59edeaa2fc6114428f1637ffff42da1e311e29382d81b339c1817d37ec93c6"},
    {file = "MarkupSafe-1.1.1-cp37-cp37m-win32.whl", hash = "sha256:b00c1de48212e4cc9603895652c5c410df699856a2853135b3967591e4beebc2"},
    {file = "MarkupSafe-1.1.1-cp37-cp37m-win_amd64.whl", hash = "sha256:9bf40443012702a1d2070043cb6291650a0841ece432556f784f004937f0f32c"},
    {file = "MarkupSafe-1.1.1.tar.gz", hash = "sha256:29872e92839765e546828bb7754a68c418d927cd064fd4708fab9fe9c8bb116b"},
]
mkdocs = [
    {file = "mkdocs-1.0.4-py2.py3-none-any.whl", hash = "sha256:8cc8b38325456b9e942c981a209eaeb1e9f3f77b493ad755bfef889b9c8d356a"},
    {file = "mkdocs-1.0.4.tar.gz", hash = "sha256:17d34329aad75d5de604b9ed4e31df3a4d235afefdc46ce7b1964fddb2e1e939"},
]
mkdocs-git-revision-date-plugin = [
    {file = "mkdocs-git-revision-date-plugin-0.2.tar.gz", hash = "sha256:dabef56325ba2d6bf29b5f957bd94232b5e6d169ff0f02e4e783edf5696221e2"},
    {file = "mkdocs_git_revision_date_plugin-0.2-py3-none-any.whl", hash = "sha256:35f9521866971aa64238f80a6f2bb4a66374c9f6288fe3406cbe86304e3f7b35"},
]
mkdocs-material = [
    {file = "mkdocs-material-4.6.0.tar.gz", hash = "sha256:b21aa2645ccb11442ea381c92d187bbc94127f50702c0d28c3fc0152fa7b29da"},
    {file = "mkdocs_material-4.6.0-py2.py3-none-any.whl", hash = "sha256:89a8e2527ca8426c40f2213ce53513f73f54d0a32b36aef33fde6849d294e9ec"},
]
mkdocs-minify-plugin = [
    {file = "mkdocs-minify-plugin-0.2.1.tar.gz", hash = "sha256:3000a5069dd0f42f56a8aaf7fd5ea1222c67487949617e39585d6b6434b074b6"},
    {file = "mkdocs_minify_plugin-0.2.1-py2-none-any.whl", hash = "sha256:d54fdd5be6843dd29fd7af2f7fdd20a9eb4db46f1f6bed914e03b2f58d2d488e"},
]
more-itertools = [
    {file = "more-itertools-8.0.2.tar.gz", hash = "sha256:b84b238cce0d9adad5ed87e745778d20a3f8487d0f0cb8b8a586816c7496458d"},
    {file = "more_itertools-8.0.2-py3-none-any.whl", hash = "sha256:c833ef592a0324bcc6a60e48440da07645063c453880c9477ceb22490aec1564"},
]
packaging = [
    {file = "packaging-20.0-py2.py3-none-any.whl", hash = "sha256:aec3fdbb8bc9e4bb65f0634b9f551ced63983a529d6a8931817d52fdd0816ddb"},
    {file = "packaging-20.0.tar.gz", hash = "sha256:fe1d8331dfa7cc0a883b49d75fc76380b2ab2734b220fbb87d774e4fd4b851f8"},
]
pathlib2 = [
    {file = "pathlib2-2.3.5-py2.py3-none-any.whl", hash = "sha256:0ec8205a157c80d7acc301c0b18fbd5d44fe655968f5d947b6ecef5290fc35db"},
    {file = "pathlib2-2.3.5.tar.gz", hash = "sha256:6cd9a47b597b37cc57de1c05e56fb1a1c9cc9fab04fe78c29acd090418529868"},
]
pep562 = [
    {file = "pep562-1.0-py2.py3-none-any.whl", hash = "sha256:d2a48b178ebf5f8dd31709cc26a19808ef794561fa2fe50ea01ea2bad4d667ef"},
    {file = "pep562-1.0.tar.gz", hash = "sha256:58cb1cc9ee63d93e62b4905a50357618d526d289919814bea1f0da8f53b79395"},
]
pillow = [
    {file = "Pillow-6.2.2-cp27-cp27m-macosx_10_6_intel.whl", hash = "sha256:834dd023b7f987d6b700ad93dc818098d7eb046bd445e9992b3093c6f9d7a95f"},
    {file = "Pillow-6.2.2-cp27-cp27m-manylinux1_i686.whl", hash = "sha256:d3a98444a00b4643b22b0685dbf9e0ddcaf4ebfd4ea23f84f228adf5a0765bb2"},
    {file = "Pillow-6.2.2-cp27-cp27m-manylinux1_x86_64.whl", hash = "sha256:2b4a94be53dff02af90760c10a2e3634c3c7703410f38c98154d5ce71fe63d20"},
    {file = "Pillow-6.2.2-cp27-cp27m-win32.whl", hash = "sha256:87ef0eca169f7f0bc050b22f05c7e174a65c36d584428431e802c0165c5856ea"},
    {file = "Pillow-6.2.2-cp27-cp27m-win_amd64.whl", hash = "sha256:cbd5647097dc55e501f459dbac7f1d0402225636deeb9e0a98a8d2df649fc19d"},
    {file = "Pillow-6.2.2-cp27-cp27mu-manylinux1_i686.whl", hash = "sha256:4adc3302df4faf77c63ab3a83e1a3e34b94a6a992084f4aa1cb236d1deaf4b39"},
    {file = "Pillow-6.2.2-cp27-cp27mu-manylinux1_x86_64.whl", hash = "sha256:e3a797a079ce289e59dbd7eac9ca3bf682d52687f718686857281475b7ca8e6a"},
    {file = "Pillow-6.2.2-cp35-cp35m-macosx_10_6_intel.whl", hash = "sha256:bb7861e4618a0c06c40a2e509c1bea207eea5fd4320d486e314e00745a402ca5"},
    {file = "Pillow-6.2.2-cp35-cp35m-manylinux1_i686.whl", hash = "sha256:535e8e0e02c9f1fc2e307256149d6ee8ad3aa9a6e24144b7b6e6fb6126cb0e99"},
    {file = "Pillow-6.2.2-cp35-cp35m-manylinux1_x86_64.whl", hash = "sha256:bc149dab804291a18e1186536519e5e122a2ac1316cb80f506e855a500b1cdd4"},
    {file = "Pillow-6.2.2-cp35-cp35m-win32.whl", hash = "sha256:1a3bc8e1db5af40a81535a62a591fafdb30a8a1b319798ea8052aa65ef8f06d2"},
    {file = "Pillow-6.2.2-cp35-cp35m-win_amd64.whl", hash = "sha256:d6b4dc325170bee04ca8292bbd556c6f5398d52c6149ca881e67daf62215426f"},
    {file = "Pillow-6.2.2-cp36-cp36m-macosx_10_6_intel.whl", hash = "sha256:43ef1cff7ee57f9c8c8e6fa02a62eae9fa23a7e34418c7ce88c0e3fe09d1fb38"},
    {file = "Pillow-6.2.2-cp36-cp36m-manylinux1_i686.whl", hash = "sha256:900de1fdc93764be13f6b39dc0dd0207d9ff441d87ad7c6e97e49b81987dc0f3"},
    {file = "Pillow-6.2.2-cp36-cp36m-manylinux1_x86_64.whl", hash = "sha256:92b83b380f9181cacc994f4c983d95a9c8b00b50bf786c66d235716b526a3332"},
    {file = "Pillow-6.2.2-cp36-cp36m-win32.whl", hash = "sha256:00e0bbe9923adc5cc38a8da7d87d4ce16cde53b8d3bba8886cb928e84522d963"},
    {file = "Pillow-6.2.2-cp36-cp36m-win_amd64.whl", hash = "sha256:5ccfcb0a34ad9b77ad247c231edb781763198f405a5c8dc1b642449af821fb7f"},
    {file = "Pillow-6.2.2-cp37-cp37m-macosx_10_6_intel.whl", hash = "sha256:5dcbbaa3a24d091a64560d3c439a8962866a79a033d40eb1a75f1b3413bfc2bc"},
    {file = "Pillow-6.2.2-cp37-cp37m-manylinux1_i686.whl", hash = "sha256:6e2a7e74d1a626b817ecb7a28c433b471a395c010b2a1f511f976e9ea4363e64"},
    {file = "Pillow-6.2.2-cp37-cp37m-manylinux1_x86_64.whl", hash = "sha256:c424d35a5259be559b64490d0fd9e03fba81f1ce8e5b66e0a59de97547351d80"},
    {file = "Pillow-6.2.2-cp37-cp37m-win32.whl", hash = "sha256:aa4792ab056f51b49e7d59ce5733155e10a918baf8ce50f64405db23d5627fa2"},
    {file = "Pillow-6.2.2-cp37-cp37m-win_amd64.whl", hash = "sha256:0d5c99f80068f13231ac206bd9b2e80ea357f5cf9ae0fa97fab21e32d5b61065"},
    {file = "Pillow-6.2.2-cp38-cp38-macosx_10_9_x86_64.whl", hash = "sha256:03457e439d073770d88afdd90318382084732a5b98b0eb6f49454746dbaae701"},
    {file = "Pillow-6.2.2-cp38-cp38-manylinux1_i686.whl", hash = "sha256:ccf16fe444cc43800eeacd4f4769971200982200a71b1368f49410d0eb769543"},
    {file = "Pillow-6.2.2-cp38-cp38-manylinux1_x86_64.whl", hash = "sha256:b72c39585f1837d946bd1a829a4820ccf86e361f28cbf60f5d646f06318b61e2"},
    {file = "Pillow-6.2.2-cp38-cp38-win32.whl", hash = "sha256:3ba7d8f1d962780f86aa747fef0baf3211b80cb13310fff0c375da879c0656d4"},
    {file = "Pillow-6.2.2-cp38-cp38-win_amd64.whl", hash = "sha256:3e81485cec47c24f5fb27acb485a4fc97376b2b332ed633867dc68ac3077998c"},
    {file = "Pillow-6.2.2-pp273-pypy_73-win32.whl", hash = "sha256:aa1b0297e352007ec781a33f026afbb062a9a9895bb103c8f49af434b1666880"},
    {file = "Pillow-6.2.2-pp373-pypy36_pp73-win32.whl", hash = "sha256:82859575005408af81b3e9171ae326ff56a69af5439d3fc20e8cb76cd51c8246"},
    {file = "Pillow-6.2.2.tar.gz", hash = "sha256:db9ff0c251ed066d367f53b64827cc9e18ccea001b986d08c265e53625dab950"},
]
pluggy = [
    {file = "pluggy-0.13.1-py2.py3-none-any.whl", hash = "sha256:966c145cd83c96502c3c3868f50408687b38434af77734af1e9ca461a4081d2d"},
    {file = "pluggy-0.13.1.tar.gz", hash = "sha256:15b2acde666561e1298d71b523007ed7364de07029219b604cf808bfa1c765b0"},
]
py = [
    {file = "py-1.8.1-py2.py3-none-any.whl", hash = "sha256:c20fdd83a5dbc0af9efd622bee9a5564e278f6380fffcacc43ba6f43db2813b0"},
    {file = "py-1.8.1.tar.gz", hash = "sha256:5e27081401262157467ad6e7f851b7aa402c5852dbcb3dae06768434de5752aa"},
]
pygments = [
    {file = "Pygments-2.5.2-py2.py3-none-any.whl", hash = "sha256:2a3fe295e54a20164a9df49c75fa58526d3be48e14aceba6d6b1e8ac0bfd6f1b"},
    {file = "Pygments-2.5.2.tar.gz", hash = "sha256:98c8aa5a9f778fcd1026a17361ddaf7330d1b7c62ae97c3bb0ae73e0b9b6b0fe"},
]
pymdown-extensions = [
    {file = "pymdown-extensions-6.2.1.tar.gz", hash = "sha256:3bbe6048275f8a0d13a0fe44e0ea201e67268aa7bb40c2544eef16abbf168f7b"},
    {file = "pymdown_extensions-6.2.1-py2.py3-none-any.whl", hash = "sha256:dce5e17b93be0572322b7d06c9a13c13a9d98694d6468277911d50ca87d26f29"},
]
pyparsing = [
    {file = "pyparsing-2.4.6-py2.py3-none-any.whl", hash = "sha256:c342dccb5250c08d45fd6f8b4a559613ca603b57498511740e65cd11a2e7dcec"},
    {file = "pyparsing-2.4.6.tar.gz", hash = "sha256:4c830582a84fb022400b85429791bc551f1f4871c33f23e44f353119e92f969f"},
]
pytest = [
    {file = "pytest-5.3.2-py3-none-any.whl", hash = "sha256:e41d489ff43948babd0fad7ad5e49b8735d5d55e26628a58673c39ff61d95de4"},
    {file = "pytest-5.3.2.tar.gz", hash = "sha256:6b571215b5a790f9b41f19f3531c53a45cf6bb8ef2988bc1ff9afb38270b25fa"},
]
pyyaml = [
    {file = "PyYAML-5.2-cp27-cp27m-win32.whl", hash = "sha256:35ace9b4147848cafac3db142795ee42deebe9d0dad885ce643928e88daebdcc"},
    {file = "PyYAML-5.2-cp27-cp27m-win_amd64.whl", hash = "sha256:ebc4ed52dcc93eeebeae5cf5deb2ae4347b3a81c3fa12b0b8c976544829396a4"},
    {file = "PyYAML-5.2-cp35-cp35m-win32.whl", hash = "sha256:38a4f0d114101c58c0f3a88aeaa44d63efd588845c5a2df5290b73db8f246d15"},
    {file = "PyYAML-5.2-cp35-cp35m-win_amd64.whl", hash = "sha256:483eb6a33b671408c8529106df3707270bfacb2447bf8ad856a4b4f57f6e3075"},
    {file = "PyYAML-5.2-cp36-cp36m-win32.whl", hash = "sha256:7f38e35c00e160db592091751d385cd7b3046d6d51f578b29943225178257b31"},
    {file = "PyYAML-5.2-cp36-cp36m-win_amd64.whl", hash = "sha256:0e7f69397d53155e55d10ff68fdfb2cf630a35e6daf65cf0bdeaf04f127c09dc"},
    {file = "PyYAML-5.2-cp37-cp37m-win32.whl", hash = "sha256:e4c015484ff0ff197564917b4b4246ca03f411b9bd7f16e02a2f586eb48b6d04"},
    {file = "PyYAML-5.2-cp37-cp37m-win_amd64.whl", hash = "sha256:4b6be5edb9f6bb73680f5bf4ee08ff25416d1400fbd4535fe0069b2994da07cd"},
    {file = "PyYAML-5.2-cp38-cp38-win32.whl", hash = "sha256:8100c896ecb361794d8bfdb9c11fce618c7cf83d624d73d5ab38aef3bc82d43f"},
    {file = "PyYAML-5.2-cp38-cp38-win_amd64.whl", hash = "sha256:2e9f0b7c5914367b0916c3c104a024bb68f269a486b9d04a2e8ac6f6597b7803"},
    {file = "PyYAML-5.2.tar.gz", hash = "sha256:c0ee8eca2c582d29c3c2ec6e2c4f703d1b7f1fb10bc72317355a746057e7346c"},
]
six = [
    {file = "six-1.13.0-py2.py3-none-any.whl", hash = "sha256:1f1b7d42e254082a9db6279deae68afb421ceba6158efa6131de7b3003ee93fd"},
    {file = "six-1.13.0.tar.gz", hash = "sha256:30f610279e8b2578cab6db20741130331735c781b56053c59c4076da27f06b66"},
]
smmap2 = [
    {file = "smmap2-2.0.5-py2.py3-none-any.whl", hash = "sha256:0555a7bf4df71d1ef4218e4807bbf9b201f910174e6e08af2e138d4e517b4dde"},
    {file = "smmap2-2.0.5.tar.gz", hash = "sha256:29a9ffa0497e7f2be94ca0ed1ca1aa3cd4cf25a1f6b4f5f87f74b46ed91d609a"},
]
tornado = [
    {file = "tornado-6.0.3-cp35-cp35m-win32.whl", hash = "sha256:c9399267c926a4e7c418baa5cbe91c7d1cf362d505a1ef898fde44a07c9dd8a5"},
    {file = "tornado-6.0.3-cp35-cp35m-win_amd64.whl", hash = "sha256:398e0d35e086ba38a0427c3b37f4337327231942e731edaa6e9fd1865bbd6f60"},
    {file = "tornado-6.0.3-cp36-cp36m-win32.whl", hash = "sha256:4e73ef678b1a859f0cb29e1d895526a20ea64b5ffd510a2307b5998c7df24281"},
    {file = "tornado-6.0.3-cp36-cp36m-win_amd64.whl", hash = "sha256:349884248c36801afa19e342a77cc4458caca694b0eda633f5878e458a44cb2c"},
    {file = "tornado-6.0.3-cp37-cp37m-win32.whl", hash = "sha256:559bce3d31484b665259f50cd94c5c28b961b09315ccd838f284687245f416e5"},
    {file = "tornado-6.0.3-cp37-cp37m-win_amd64.whl", hash = "sha256:abbe53a39734ef4aba061fca54e30c6b4639d3e1f59653f0da37a0003de148c7"},
    {file = "tornado-6.0.3.tar.gz", hash = "sha256:c845db36ba616912074c5b1ee897f8e0124df269468f25e4fe21fe72f6edd7a9"},
]
wcwidth = [
    {file = "wcwidth-0.1.8-py2.py3-none-any.whl", hash = "sha256:8fd29383f539be45b20bd4df0dc29c20ba48654a41e661925e612311e9f3c603"},
    {file = "wcwidth-0.1.8.tar.gz", hash = "sha256:f28b3e8a6483e5d49e7f8949ac1a78314e740333ae305b4ba5defd3e74fb37a8"},
]
xxhash = [
    {file = "xxhash-1.4.3-cp27-cp27m-macosx_10_6_intel.whl", hash = "sha256:203ba0c2df5bd9a6990dd8521b0d5b03cf7bebac0790cc740c18e61f0aeccc89"},
    {file = "xxhash-1.4.3-cp27-cp27m-manylinux1_i686.whl", hash = "sha256:dd38149723aa982d43e09a05a20bd213097faf80245ea9975f84caf3bdb8d3c6"},
    {file = "xxhash-1.4.3-cp27-cp27m-manylinux1_x86_64.whl", hash = "sha256:9bbc63663b6ed704b051bfdc9f4ba45c97b38ef42786a41a49f55cdadcbe6085"},
    {file = "xxhash-1.4.3-cp27-cp27m-manylinux2010_i686.whl", hash = "sha256:54eb964b79bd2409872425b3bfd6c42755dd4586cd1fdbb2ffc1075327df9a14"},
    {file = "xxhash-1.4.3-cp27-cp27m-manylinux2010_x86_64.whl", hash = "sha256:507cb7dfd4eba033987b812333705b64ba484a0ac1cec3225dfb155935f80f4f"},
    {file = "xxhash-1.4.3-cp27-cp27m-win32.whl", hash = "sha256:e4e2b96fcc14be4477ee1d4d60c86efe70cd3326724de427c6915113e8f4cda3"},
    {file = "xxhash-1.4.3-cp27-cp27m-win_amd64.whl", hash = "sha256:749967f82721639404f5ef6d985d5a0971e12abc6a8f55bfd4b30bad89020d7e"},
    {file = "xxhash-1.4.3-cp27-cp27mu-manylinux1_i686.whl", hash = "sha256:d9cd8c83a0473cd16b91e598fc1497cc6c03430320598c16adf7468eeb146c76"},
    {file = "xxhash-1.4.3-cp27-cp27mu-manylinux1_x86_64.whl", hash = "sha256:54e005dbd92f220362556df74b3f6898d3a04a6ad734dd47f70849cab99d0702"},
    {file = "xxhash-1.4.3-cp27-cp27mu-manylinux2010_i686.whl", hash = "sha256:ddf0c922b832e59bb503ef5962e3aba55e63114d6deb46021c319b626cb4fad1"},
    {file = "xxhash-1.4.3-cp27-cp27mu-manylinux2010_x86_64.whl", hash = "sha256:a10712d0cbf7fff9def2ea194291bfcfc5891be11b2ce243bcbc3a3bc009f8e6"},
    {file = "xxhash-1.4.3-cp35-cp35m-macosx_10_6_intel.whl", hash = "sha256:1d6e4f9c1a8db495f256932c21a321388ac351503525503f587304fef24b60ff"},
    {file = "xxhash-1.4.3-cp35-cp35m-manylinux1_i686.whl", hash = "sha256:4afcdfe638f49f82a6f24373f85c811cafff32438fbdaedfd540bf1d44ff5b81"},
    {file = "xxhash-1.4.3-cp35-cp35m-manylinux1_x86_64.whl", hash = "sha256:217dfbbebeeb84523577410dbb5ae04b86aadec705f074006a329c039684d4f6"},
    {file = "xxhash-1.4.3-cp35-cp35m-manylinux2010_i686.whl", hash = "sha256:bf2ffb29906afa4c6b0520b68bf521ad15254e0e409e849250c209a3cac8c23f"},
    {file = "xxhash-1.4.3-cp35-cp35m-manylinux2010_x86_64.whl", hash = "sha256:100a97c2ea069f1f03107d1a6894094fa59fb17707bc779e0e127597cac956f9"},
    {file = "xxhash-1.4.3-cp35-cp35m-win32.whl", hash = "sha256:dd25dc975bda87983c0c4dbc65b0cf4724a0aed6d299485ce42051cbb20b7b0c"},
    {file = "xxhash-1.4.3-cp35-cp35m-win_amd64.whl", hash = "sha256:37531a8518683594ba05030065f5e8a0f27d49febfe7cd43ad605317677fd314"},
    {file = "xxhash-1.4.3-cp36-cp36m-macosx_10_6_intel.whl", hash = "sha256:06d3350a7586cf4938c5941c3744ab7f633204acb3c4c3d96f694fb0ee8d1bcc"},
    {file = "xxhash-1.4.3-cp36-cp36m-manylinux1_i686.whl", hash = "sha256:8c4c70bf607811a17ecbd91b7cea85b54064c3d950019e4d2d7e3d0ae4d0bef8"},
    {file = "xxhash-1.4.3-cp36-cp36m-manylinux1_x86_64.whl", hash = "sha256:d5a2c3922dea3ed2dab17e1748620f0edfa3748bf287f12df5ef997bbf7a0978"},
    {file = "xxhash-1.4.3-cp36-cp36m-manylinux2010_i686.whl", hash = "sha256:2f7930f70db5bc36415ac13d7b8f4605c50b03f03f13d482b0df110f2a6249e0"},
    {file = "xxhash-1.4.3-cp36-cp36m-manylinux2010_x86_64.whl", hash = "sha256:e8084f19e7e9cbb91ae8f8b9cd1a2a237cabeae7287e8996573527dec9d34089"},
    {file = "xxhash-1.4.3-cp36-cp36m-win32.whl", hash = "sha256:97d11269b08268fde1db033ff1cf1d165e6f9322a38b37a11fc96b5b20a83c5e"},
    {file = "xxhash-1.4.3-cp36-cp36m-win_amd64.whl", hash = "sha256:449f22427435e046430a0f6b72bd87acf6e414205e8038dd6c8bf91466438452"},
    {file = "xxhash-1.4.3-cp37-cp37m-macosx_10_6_intel.whl", hash = "sha256:511e59c0a07c05565ecd10184c9a1fccd1d8be31f37b21b733ab7d049510c825"},
    {file = "xxhash-1.4.3-cp37-cp37m-manylinux1_i686.whl", hash = "sha256:dad68b19e1a5c51bf72329b3f95e50465fd10f85e87bb104f435511ad0cddbf5"},
    {file = "xxhash-1.4.3-cp37-cp37m-manylinux1_x86_64.whl", hash = "sha256:2e17e1c9970b8cd6cf80eab92dd4b45b482d90b6b7b1d55d7904ff5858952408"},
    {file = "xxhash-1.4.3-cp37-cp37m-manylinux2010_i686.whl", hash = "sha256:f09f8c90494870b60df554196c3ff8531dfcf74ab1a69e7946079e8e73ab0881"},
    {file = "xxhash-1.4.3-cp37-cp37m-manylinux2010_x86_64.whl", hash = "sha256:cf4909947d9e9244ad38adec49291ddc8338157fef70df651bc8255168c07767"},
    {file = "xxhash-1.4.3-cp37-cp37m-win32.whl", hash = "sha256:555c923477a05d560ba1ec81de215c64a22cc2bc4c1d5c9f739523e6f3f3736d"},
    {file = "xxhash-1.4.3-cp37-cp37m-win_amd64.whl", hash = "sha256:86838d6fad9ec3719cb292f41d81c7f0115946be17acfc58e9aad252346baa56"},
    {file = "xxhash-1.4.3-cp38-cp38-macosx_10_9_x86_64.whl", hash = "sha256:7b656261429d752709d5025b3f2099c2ab383e18e7084fb6bd7534259f0b718d"},
    {file = "xxhash-1.4.3-cp38-cp38-manylinux1_i686.whl", hash = "sha256:bd006bf01fa7f267eab4ede198d828face8ba5457c47271adea1120947c7f0e1"},
    {file = "xxhash-1.4.3-cp38-cp38-manylinux1_x86_64.whl", hash = "sha256:431051a97c72f8b06b62e26a0f11364a67379825eb650850428611120d102c0c"},
    {file = "xxhash-1.4.3-cp38-cp38-manylinux2010_i686.whl", hash = "sha256:a98347a9985b27f814cf978400fe2dcecf155f986d60b1752176f964212d0880"},
    {file = "xxhash-1.4.3-cp38-cp38-manylinux2010_x86_64.whl", hash = "sha256:b2acce56c5b9fd8f8b0ac1c4f451c7b883f17c8e9a0e33a9ec5c280d4f7937f8"},
    {file = "xxhash-1.4.3-cp38-cp38-win32.whl", hash = "sha256:9fbd9ae4b51c8b4a49562983e5413e0b757601bafee59ee8c9cdfeb8b9cb07cf"},
    {file = "xxhash-1.4.3-cp38-cp38-win_amd64.whl", hash = "sha256:1cdd06fa8cd9a0238b6deed08ac21455d45cda7c92665356093f36bec1707a71"},
    {file = "xxhash-1.4.3.tar.gz", hash = "sha256:8b6b1afe7731d7d9cbb0398b4a811ebb5e6be5c174f72c68abf81f919a435de9"},
]
zipp = [
    {file = "zipp-0.6.0-py2.py3-none-any.whl", hash = "sha256:f06903e9f1f43b12d371004b4ac7b06ab39a44adc747266928ae6debfa7b3335"},
    {file = "zipp-0.6.0.tar.gz", hash = "sha256:3718b1cbcd963c7d4c5511a8240812904164b7f381b647143a89d3b98f9bcd8e"},
]
